
Microsoft Visual Studio Solution File, Format Version 12.00
# Visual Studio Version 17
VisualStudioVersion = 17.1.32421.90
MinimumVisualStudioVersion = 10.0.40219.1
Project("{FAE04EC0-301F-11D3-BF4B-00C04F79EFBC}") = "PostgreSQLEF", "PostgreSQLEF\PostgreSQLEF.csproj", "{05BB34EC-FEE8-4398-8514-B3BEA8221340}"
EndProject
Project("{2150E333-8FDC-42A3-9474-1A3956D46DE8}") = "Solution Items", "Solution Items", "{F4A2C894-1681-4DB9-9529-2B9D6C1A319B}"
	ProjectSection(SolutionItems) = preProject
		.editorconfig = .editorconfig
	EndProjectSection
EndProject
Global
	GlobalSection(SolutionConfigurationPlatforms) = preSolution
		Debug|Any CPU = Debug|Any CPU
		Release|Any CPU = Release|Any CPU
	EndGlobalSection
	GlobalSection(ProjectConfigurationPlatforms) = postSolution
		{05BB34EC-FEE8-4398-8514-B3BEA8221340}.Debug|Any CPU.ActiveCfg = Debug|Any CPU
		{05BB34EC-FEE8-4398-8514-B3BEA8221340}.Debug|Any CPU.Build.0 = Debug|Any CPU
		{05BB34EC-FEE8-4398-8514-B3BEA8221340}.Release|Any CPU.ActiveCfg = Release|Any CPU
		{05BB34EC-FEE8-4398-8514-B3BEA8221340}.Release|Any CPU.Build.0 = Release|Any CPU
	EndGlobalSection
	GlobalSection(SolutionProperties) = preSolution
		HideSolutionNode = FALSE
	EndGlobalSection
	GlobalSection(ExtensibilityGlobals) = postSolution
		SolutionGuid = {7AD9727E-9A2F-4B21-BF1D-A66487C0DD15}
	EndGlobalSection
EndGlobal
